
Microsoft Visual Studio Solution File, Format Version 12.00
# Visual Studio 15
VisualStudioVersion = 15.0.27130.2010
MinimumVisualStudioVersion = 10.0.40219.1
Project("{FAE04EC0-301F-11D3-BF4B-00C04F79EFBC}") = "DaasAssessmentToolUI", "DaasAssessmentTool\DaasAssessmentToolUI.csproj", "{32958AC2-63A9-4358-A8E8-2B5BDF8E0FFA}"
EndProject
Project("{FAE04EC0-301F-11D3-BF4B-00C04F79EFBC}") = "AssessmentLibrary", "AssessmentLibrary\AssessmentLibrary.csproj", "{EC7FBF91-D716-4947-BEAB-2328F2F78FBB}"
EndProject
Project("{FAE04EC0-301F-11D3-BF4B-00C04F79EFBC}") = "DaasAssessmentToolConsole", "DaasAssessmentToolConsole\DaasAssessmentToolConsole.csproj", "{C463F9C8-6BBA-4E58-B8A9-AC8C3042E073}"
EndProject
Project("{FAE04EC0-301F-11D3-BF4B-00C04F79EFBC}") = "AssessmentLibraryTest", "AssessmentLibraryTest\AssessmentLibraryTest.csproj", "{95CDD972-6D4E-41F4-8199-0E7DCD041405}"
EndProject
Project("{2150E333-8FDC-42A3-9474-1A3956D46DE8}") = "Solution Items", "Solution Items", "{6FAE2372-754A-4A64-9C61-563602062D0A}"
	ProjectSection(SolutionItems) = preProject
		Readme.md = Readme.md
	EndProjectSection
EndProject
Global
	GlobalSection(SolutionConfigurationPlatforms) = preSolution
		Debug|Any CPU = Debug|Any CPU
		Release|Any CPU = Release|Any CPU
	EndGlobalSection
	GlobalSection(ProjectConfigurationPlatforms) = postSolution
		{32958AC2-63A9-4358-A8E8-2B5BDF8E0FFA}.Debug|Any CPU.ActiveCfg = Debug|Any CPU
		{32958AC2-63A9-4358-A8E8-2B5BDF8E0FFA}.Debug|Any CPU.Build.0 = Debug|Any CPU
		{32958AC2-63A9-4358-A8E8-2B5BDF8E0FFA}.Release|Any CPU.ActiveCfg = Release|Any CPU
		{32958AC2-63A9-4358-A8E8-2B5BDF8E0FFA}.Release|Any CPU.Build.0 = Release|Any CPU
		{EC7FBF91-D716-4947-BEAB-2328F2F78FBB}.Debug|Any CPU.ActiveCfg = Debug|Any CPU
		{EC7FBF91-D716-4947-BEAB-2328F2F78FBB}.Debug|Any CPU.Build.0 = Debug|Any CPU
		{EC7FBF91-D716-4947-BEAB-2328F2F78FBB}.Release|Any CPU.ActiveCfg = Release|Any CPU
		{EC7FBF91-D716-4947-BEAB-2328F2F78FBB}.Release|Any CPU.Build.0 = Release|Any CPU
		{C463F9C8-6BBA-4E58-B8A9-AC8C3042E073}.Debug|Any CPU.ActiveCfg = Debug|Any CPU
		{C463F9C8-6BBA-4E58-B8A9-AC8C3042E073}.Debug|Any CPU.Build.0 = Debug|Any CPU
		{C463F9C8-6BBA-4E58-B8A9-AC8C3042E073}.Release|Any CPU.ActiveCfg = Release|Any CPU
		{C463F9C8-6BBA-4E58-B8A9-AC8C3042E073}.Release|Any CPU.Build.0 = Release|Any CPU
		{95CDD972-6D4E-41F4-8199-0E7DCD041405}.Debug|Any CPU.ActiveCfg = Debug|Any CPU
		{95CDD972-6D4E-41F4-8199-0E7DCD041405}.Debug|Any CPU.Build.0 = Debug|Any CPU
		{95CDD972-6D4E-41F4-8199-0E7DCD041405}.Release|Any CPU.ActiveCfg = Release|Any CPU
		{95CDD972-6D4E-41F4-8199-0E7DCD041405}.Release|Any CPU.Build.0 = Release|Any CPU
	EndGlobalSection
	GlobalSection(SolutionProperties) = preSolution
		HideSolutionNode = FALSE
	EndGlobalSection
	GlobalSection(ExtensibilityGlobals) = postSolution
		SolutionGuid = {413D95C6-E01D-4FAF-9DEE-24A9BC1ED07B}
	EndGlobalSection
EndGlobal
